// !$*UTF8*$!
{
	archiveVersion = 1;
	classes = {
	};
	objectVersion = 46;
	objects = {

/* Begin PBXBuildFile section */
		3E2905D01CC63760007D7BD1 /* building.jpg in Resources */ = {isa = PBXBuildFile; fileRef = 3E2905CF1CC63760007D7BD1 /* building.jpg */; };
		3E2905D51CC644CF007D7BD1 /* MetalPerformanceShaders.swift in Sources */ = {isa = PBXBuildFile; fileRef = 3E2905D41CC644CF007D7BD1 /* MetalPerformanceShaders.swift */; };
		3E5EEF481CC6213100E06053 /* AppDelegate.swift in Sources */ = {isa = PBXBuildFile; fileRef = 3E5EEF471CC6213100E06053 /* AppDelegate.swift */; };
		3E5EEF4A1CC6213100E06053 /* Histogram.swift in Sources */ = {isa = PBXBuildFile; fileRef = 3E5EEF491CC6213100E06053 /* Histogram.swift */; };
		3E5EEF4D1CC6213100E06053 /* Main.storyboard in Resources */ = {isa = PBXBuildFile; fileRef = 3E5EEF4B1CC6213100E06053 /* Main.storyboard */; };
		3E5EEF4F1CC6213100E06053 /* Assets.xcassets in Resources */ = {isa = PBXBuildFile; fileRef = 3E5EEF4E1CC6213100E06053 /* Assets.xcassets */; };
		3E5EEF521CC6213100E06053 /* LaunchScreen.storyboard in Resources */ = {isa = PBXBuildFile; fileRef = 3E5EEF501CC6213100E06053 /* LaunchScreen.storyboard */; };
		3EA012E31CC6221600F1DD54 /* monalisa.jpg in Resources */ = {isa = PBXBuildFile; fileRef = 3EA012E11CC6221600F1DD54 /* monalisa.jpg */; };
		3EA012E41CC6221600F1DD54 /* bluesky.jpg in Resources */ = {isa = PBXBuildFile; fileRef = 3EA012E21CC6221600F1DD54 /* bluesky.jpg */; };
		3EA012E71CC622A200F1DD54 /* AccelerateSupport.swift in Sources */ = {isa = PBXBuildFile; fileRef = 3EA012E61CC622A200F1DD54 /* AccelerateSupport.swift */; };
		3EA012E91CC622CB00F1DD54 /* stars.jpg in Resources */ = {isa = PBXBuildFile; fileRef = 3EA012E81CC622CB00F1DD54 /* stars.jpg */; };
		3EA012EC1CC622EA00F1DD54 /* Dilation.swift in Sources */ = {isa = PBXBuildFile; fileRef = 3EA012EB1CC622EA00F1DD54 /* Dilation.swift */; };
		3EA012EE1CC6349F00F1DD54 /* Deconvolution.swift in Sources */ = {isa = PBXBuildFile; fileRef = 3EA012ED1CC6349F00F1DD54 /* Deconvolution.swift */; };
		3EA012F01CC6350D00F1DD54 /* telescope.jpg in Resources */ = {isa = PBXBuildFile; fileRef = 3EA012EF1CC6350D00F1DD54 /* telescope.jpg */; };
/* End PBXBuildFile section */

/* Begin PBXFileReference section */
		3E2905CF1CC63760007D7BD1 /* building.jpg */ = {isa = PBXFileReference; lastKnownFileType = image.jpeg; path = building.jpg; sourceTree = "<group>"; };
		3E2905D41CC644CF007D7BD1 /* MetalPerformanceShaders.swift */ = {isa = PBXFileReference; fileEncoding = 4; lastKnownFileType = sourcecode.swift; path = MetalPerformanceShaders.swift; sourceTree = "<group>"; };
		3E5EEF441CC6213100E06053 /* ProgSConCompanion.app */ = {isa = PBXFileReference; explicitFileType = wrapper.application; includeInIndex = 0; path = ProgSConCompanion.app; sourceTree = BUILT_PRODUCTS_DIR; };
		3E5EEF471CC6213100E06053 /* AppDelegate.swift */ = {isa = PBXFileReference; lastKnownFileType = sourcecode.swift; path = AppDelegate.swift; sourceTree = "<group>"; };
		3E5EEF491CC6213100E06053 /* Histogram.swift */ = {isa = PBXFileReference; lastKnownFileType = sourcecode.swift; path = Histogram.swift; sourceTree = "<group>"; };
		3E5EEF4C1CC6213100E06053 /* Base */ = {isa = PBXFileReference; lastKnownFileType = file.storyboard; name = Base; path = Base.lproj/Main.storyboard; sourceTree = "<group>"; };
		3E5EEF4E1CC6213100E06053 /* Assets.xcassets */ = {isa = PBXFileReference; lastKnownFileType = folder.assetcatalog; path = Assets.xcassets; sourceTree = "<group>"; };
		3E5EEF511CC6213100E06053 /* Base */ = {isa = PBXFileReference; lastKnownFileType = file.storyboard; name = Base; path = Base.lproj/LaunchScreen.storyboard; sourceTree = "<group>"; };
		3E5EEF531CC6213100E06053 /* Info.plist */ = {isa = PBXFileReference; lastKnownFileType = text.plist.xml; path = Info.plist; sourceTree = "<group>"; };
		3EA012E11CC6221600F1DD54 /* monalisa.jpg */ = {isa = PBXFileReference; lastKnownFileType = image.jpeg; path = monalisa.jpg; sourceTree = "<group>"; };
		3EA012E21CC6221600F1DD54 /* bluesky.jpg */ = {isa = PBXFileReference; lastKnownFileType = image.jpeg; path = bluesky.jpg; sourceTree = "<group>"; };
		3EA012E61CC622A200F1DD54 /* AccelerateSupport.swift */ = {isa = PBXFileReference; fileEncoding = 4; lastKnownFileType = sourcecode.swift; path = AccelerateSupport.swift; sourceTree = "<group>"; };
		3EA012E81CC622CB00F1DD54 /* stars.jpg */ = {isa = PBXFileReference; lastKnownFileType = image.jpeg; path = stars.jpg; sourceTree = "<group>"; };
		3EA012EB1CC622EA00F1DD54 /* Dilation.swift */ = {isa = PBXFileReference; fileEncoding = 4; lastKnownFileType = sourcecode.swift; path = Dilation.swift; sourceTree = "<group>"; };
		3EA012ED1CC6349F00F1DD54 /* Deconvolution.swift */ = {isa = PBXFileReference; fileEncoding = 4; lastKnownFileType = sourcecode.swift; path = Deconvolution.swift; sourceTree = "<group>"; };
		3EA012EF1CC6350D00F1DD54 /* telescope.jpg */ = {isa = PBXFileReference; lastKnownFileType = image.jpeg; path = telescope.jpg; sourceTree = "<group>"; };
/* End PBXFileReference section */

/* Begin PBXFrameworksBuildPhase section */
		3E5EEF411CC6213100E06053 /* Frameworks */ = {
			isa = PBXFrameworksBuildPhase;
			buildActionMask = 2147483647;
			files = (
			);
			runOnlyForDeploymentPostprocessing = 0;
		};
/* End PBXFrameworksBuildPhase section */

/* Begin PBXGroup section */
		3E2905D31CC644AC007D7BD1 /* demoViewControllers */ = {
			isa = PBXGroup;
			children = (
				3E5EEF491CC6213100E06053 /* Histogram.swift */,
				3EA012ED1CC6349F00F1DD54 /* Deconvolution.swift */,
				3EA012EB1CC622EA00F1DD54 /* Dilation.swift */,
				3E2905D41CC644CF007D7BD1 /* MetalPerformanceShaders.swift */,
			);
			name = demoViewControllers;
			sourceTree = "<group>";
		};
		3E5EEF3B1CC6213100E06053 = {
			isa = PBXGroup;
			children = (
				3E5EEF461CC6213100E06053 /* ProgSConCompanion */,
				3E5EEF451CC6213100E06053 /* Products */,
			);
			sourceTree = "<group>";
		};
		3E5EEF451CC6213100E06053 /* Products */ = {
			isa = PBXGroup;
			children = (
				3E5EEF441CC6213100E06053 /* ProgSConCompanion.app */,
			);
			name = Products;
			sourceTree = "<group>";
		};
		3E5EEF461CC6213100E06053 /* ProgSConCompanion */ = {
			isa = PBXGroup;
			children = (
				3E2905D31CC644AC007D7BD1 /* demoViewControllers */,
				3EA012EA1CC622CD00F1DD54 /* assets */,
				3EA012E51CC6228000F1DD54 /* support */,
				3E5EEF471CC6213100E06053 /* AppDelegate.swift */,
				3E5EEF4B1CC6213100E06053 /* Main.storyboard */,
				3E5EEF4E1CC6213100E06053 /* Assets.xcassets */,
				3E5EEF501CC6213100E06053 /* LaunchScreen.storyboard */,
				3E5EEF531CC6213100E06053 /* Info.plist */,
			);
			path = ProgSConCompanion;
			sourceTree = "<group>";
		};
		3EA012E51CC6228000F1DD54 /* support */ = {
			isa = PBXGroup;
			children = (
				3EA012E61CC622A200F1DD54 /* AccelerateSupport.swift */,
			);
			name = support;
			sourceTree = "<group>";
		};
		3EA012EA1CC622CD00F1DD54 /* assets */ = {
			isa = PBXGroup;
			children = (
				3EA012EF1CC6350D00F1DD54 /* telescope.jpg */,
				3EA012E11CC6221600F1DD54 /* monalisa.jpg */,
				3E2905CF1CC63760007D7BD1 /* building.jpg */,
				3EA012E81CC622CB00F1DD54 /* stars.jpg */,
				3EA012E21CC6221600F1DD54 /* bluesky.jpg */,
			);
			name = assets;
			sourceTree = "<group>";
		};
/* End PBXGroup section */

/* Begin PBXNativeTarget section */
		3E5EEF431CC6213100E06053 /* ProgSConCompanion */ = {
			isa = PBXNativeTarget;
			buildConfigurationList = 3E5EEF561CC6213100E06053 /* Build configuration list for PBXNativeTarget "ProgSConCompanion" */;
			buildPhases = (
				3E5EEF401CC6213100E06053 /* Sources */,
				3E5EEF411CC6213100E06053 /* Frameworks */,
				3E5EEF421CC6213100E06053 /* Resources */,
			);
			buildRules = (
			);
			dependencies = (
			);
			name = ProgSConCompanion;
			productName = ProgSConCompanion;
			productReference = 3E5EEF441CC6213100E06053 /* ProgSConCompanion.app */;
			productType = "com.apple.product-type.application";
		};
/* End PBXNativeTarget section */

/* Begin PBXProject section */
		3E5EEF3C1CC6213100E06053 /* Project object */ = {
			isa = PBXProject;
			attributes = {
				LastSwiftUpdateCheck = 0730;
				LastUpgradeCheck = 0730;
				ORGANIZATIONNAME = "Simon Gladman";
				TargetAttributes = {
					3E5EEF431CC6213100E06053 = {
						CreatedOnToolsVersion = 7.3;
					};
				};
			};
			buildConfigurationList = 3E5EEF3F1CC6213100E06053 /* Build configuration list for PBXProject "ProgSConCompanion" */;
			compatibilityVersion = "Xcode 3.2";
			developmentRegion = English;
			hasScannedForEncodings = 0;
			knownRegions = (
				en,
				Base,
			);
			mainGroup = 3E5EEF3B1CC6213100E06053;
			productRefGroup = 3E5EEF451CC6213100E06053 /* Products */;
			projectDirPath = "";
			projectRoot = "";
			targets = (
				3E5EEF431CC6213100E06053 /* ProgSConCompanion */,
			);
		};
/* End PBXProject section */

/* Begin PBXResourcesBuildPhase section */
		3E5EEF421CC6213100E06053 /* Resources */ = {
			isa = PBXResourcesBuildPhase;
			buildActionMask = 2147483647;
			files = (
				3E5EEF521CC6213100E06053 /* LaunchScreen.storyboard in Resources */,
				3EA012E91CC622CB00F1DD54 /* stars.jpg in Resources */,
				3E5EEF4F1CC6213100E06053 /* Assets.xcassets in Resources */,
				3E5EEF4D1CC6213100E06053 /* Main.storyboard in Resources */,
				3EA012F01CC6350D00F1DD54 /* telescope.jpg in Resources */,
				3EA012E41CC6221600F1DD54 /* bluesky.jpg in Resources */,
				3EA012E31CC6221600F1DD54 /* monalisa.jpg in Resources */,
				3E2905D01CC63760007D7BD1 /* building.jpg in Resources */,
			);
			runOnlyForDeploymentPostprocessing = 0;
		};
/* End PBXResourcesBuildPhase section */

/* Begin PBXSourcesBuildPhase section */
		3E5EEF401CC6213100E06053 /* Sources */ = {
			isa = PBXSourcesBuildPhase;
			buildActionMask = 2147483647;
			files = (
				3EA012EE1CC6349F00F1DD54 /* Deconvolution.swift in Sources */,
				3E5EEF4A1CC6213100E06053 /* Histogram.swift in Sources */,
				3EA012EC1CC622EA00F1DD54 /* Dilation.swift in Sources */,
				3EA012E71CC622A200F1DD54 /* AccelerateSupport.swift in Sources */,
				3E5EEF481CC6213100E06053 /* AppDelegate.swift in Sources */,
				3E2905D51CC644CF007D7BD1 /* MetalPerformanceShaders.swift in Sources */,
			);
			runOnlyForDeploymentPostprocessing = 0;
		};
/* End PBXSourcesBuildPhase section */

/* Begin PBXVariantGroup section */
		3E5EEF4B1CC6213100E06053 /* Main.storyboard */ = {
			isa = PBXVariantGroup;
			children = (
				3E5EEF4C1CC6213100E06053 /* Base */,
			);
			name = Main.storyboard;
			sourceTree = "<group>";
		};
		3E5EEF501CC6213100E06053 /* LaunchScreen.storyboard */ = {
			isa = PBXVariantGroup;
			children = (
				3E5EEF511CC6213100E06053 /* Base */,
			);
			name = LaunchScreen.storyboard;
			sourceTree = "<group>";
		};
/* End PBXVariantGroup section */

/* Begin XCBuildConfiguration section */
		3E5EEF541CC6213100E06053 /* Debug */ = {
			isa = XCBuildConfiguration;
			buildSettings = {
				ALWAYS_SEARCH_USER_PATHS = NO;
				CLANG_ANALYZER_NONNULL = YES;
				CLANG_CXX_LANGUAGE_STANDARD = "gnu++0x";
				CLANG_CXX_LIBRARY = "libc++";
				CLANG_ENABLE_MODULES = YES;
				CLANG_ENABLE_OBJC_ARC = YES;
				CLANG_WARN_BOOL_CONVERSION = YES;
				CLANG_WARN_CONSTANT_CONVERSION = YES;
				CLANG_WARN_DIRECT_OBJC_ISA_USAGE = YES_ERROR;
				CLANG_WARN_EMPTY_BODY = YES;
				CLANG_WARN_ENUM_CONVERSION = YES;
				CLANG_WARN_INT_CONVERSION = YES;
				CLANG_WARN_OBJC_ROOT_CLASS = YES_ERROR;
				CLANG_WARN_UNREACHABLE_CODE = YES;
				CLANG_WARN__DUPLICATE_METHOD_MATCH = YES;
				"CODE_SIGN_IDENTITY[sdk=iphoneos*]" = "iPhone Developer";
				COPY_PHASE_STRIP = NO;
				DEBUG_INFORMATION_FORMAT = dwarf;
				ENABLE_STRICT_OBJC_MSGSEND = YES;
				ENABLE_TESTABILITY = YES;
				GCC_C_LANGUAGE_STANDARD = gnu99;
				GCC_DYNAMIC_NO_PIC = NO;
				GCC_NO_COMMON_BLOCKS = YES;
				GCC_OPTIMIZATION_LEVEL = 0;
				GCC_PREPROCESSOR_DEFINITIONS = (
					"DEBUG=1",
					"$(inherited)",
				);
				GCC_WARN_64_TO_32_BIT_CONVERSION = YES;
				GCC_WARN_ABOUT_RETURN_TYPE = YES_ERROR;
				GCC_WARN_UNDECLARED_SELECTOR = YES;
				GCC_WARN_UNINITIALIZED_AUTOS = YES_AGGRESSIVE;
				GCC_WARN_UNUSED_FUNCTION = YES;
				GCC_WARN_UNUSED_VARIABLE = YES;
				IPHONEOS_DEPLOYMENT_TARGET = 9.3;
				MTL_ENABLE_DEBUG_INFO = YES;
				ONLY_ACTIVE_ARCH = YES;
				SDKROOT = iphoneos;
				SWIFT_OPTIMIZATION_LEVEL = "-Onone";
				TARGETED_DEVICE_FAMILY = 2;
			};
			name = Debug;
		};
		3E5EEF551CC6213100E06053 /* Release */ = {
			isa = XCBuildConfiguration;
			buildSettings = {
				ALWAYS_SEARCH_USER_PATHS = NO;
				CLANG_ANALYZER_NONNULL = YES;
				CLANG_CXX_LANGUAGE_STANDARD = "gnu++0x";
				CLANG_CXX_LIBRARY = "libc++";
				CLANG_ENABLE_MODULES = YES;
				CLANG_ENABLE_OBJC_ARC = YES;
				CLANG_WARN_BOOL_CONVERSION = YES;
				CLANG_WARN_CONSTANT_CONVERSION = YES;
				CLANG_WARN_DIRECT_OBJC_ISA_USAGE = YES_ERROR;
				CLANG_WARN_EMPTY_BODY = YES;
				CLANG_WARN_ENUM_CONVERSION = YES;
				CLANG_WARN_INT_CONVERSION = YES;
				CLANG_WARN_OBJC_ROOT_CLASS = YES_ERROR;
				CLANG_WARN_UNREACHABLE_CODE = YES;
				CLANG_WARN__DUPLICATE_METHOD_MATCH = YES;
				"CODE_SIGN_IDENTITY[sdk=iphoneos*]" = "iPhone Developer";
				COPY_PHASE_STRIP = NO;
				DEBUG_INFORMATION_FORMAT = "dwarf-with-dsym";
				ENABLE_NS_ASSERTIONS = NO;
				ENABLE_STRICT_OBJC_MSGSEND = YES;
				GCC_C_LANGUAGE_STANDARD = gnu99;
				GCC_NO_COMMON_BLOCKS = YES;
				GCC_WARN_64_TO_32_BIT_CONVERSION = YES;
				GCC_WARN_ABOUT_RETURN_TYPE = YES_ERROR;
				GCC_WARN_UNDECLARED_SELECTOR = YES;
				GCC_WARN_UNINITIALIZED_AUTOS = YES_AGGRESSIVE;
				GCC_WARN_UNUSED_FUNCTION = YES;
				GCC_WARN_UNUSED_VARIABLE = YES;
				IPHONEOS_DEPLOYMENT_TARGET = 9.3;
				MTL_ENABLE_DEBUG_INFO = NO;
				SDKROOT = iphoneos;
				TARGETED_DEVICE_FAMILY = 2;
				VALIDATE_PRODUCT = YES;
			};
			name = Release;
		};
		3E5EEF571CC6213100E06053 /* Debug */ = {
			isa = XCBuildConfiguration;
			buildSettings = {
				ASSETCATALOG_COMPILER_APPICON_NAME = AppIcon;
				INFOPLIST_FILE = ProgSConCompanion/Info.plist;
				LD_RUNPATH_SEARCH_PATHS = "$(inherited) @executable_path/Frameworks";
				PRODUCT_BUNDLE_IDENTIFIER = uk.co.flexmonkey.ProgSConCompanion;
				PRODUCT_NAME = "$(TARGET_NAME)";
			};
			name = Debug;
		};
		3E5EEF581CC6213100E06053 /* Release */ = {
			isa = XCBuildConfiguration;
			buildSettings = {
				ASSETCATALOG_COMPILER_APPICON_NAME = AppIcon;
				INFOPLIST_FILE = ProgSConCompanion/Info.plist;
				LD_RUNPATH_SEARCH_PATHS = "$(inherited) @executable_path/Frameworks";
				PRODUCT_BUNDLE_IDENTIFIER = uk.co.flexmonkey.ProgSConCompanion;
				PRODUCT_NAME = "$(TARGET_NAME)";
			};
			name = Release;
		};
/* End XCBuildConfiguration section */

/* Begin XCConfigurationList section */
		3E5EEF3F1CC6213100E06053 /* Build configuration list for PBXProject "ProgSConCompanion" */ = {
			isa = XCConfigurationList;
			buildConfigurations = (
				3E5EEF541CC6213100E06053 /* Debug */,
				3E5EEF551CC6213100E06053 /* Release */,
			);
			defaultConfigurationIsVisible = 0;
			defaultConfigurationName = Release;
		};
		3E5EEF561CC6213100E06053 /* Build configuration list for PBXNativeTarget "ProgSConCompanion" */ = {
			isa = XCConfigurationList;
			buildConfigurations = (
				3E5EEF571CC6213100E06053 /* Debug */,
				3E5EEF581CC6213100E06053 /* Release */,
			);
			defaultConfigurationIsVisible = 0;
			defaultConfigurationName = Release;
		};
/* End XCConfigurationList section */
	};
	rootObject = 3E5EEF3C1CC6213100E06053 /* Project object */;
}
